
Microsoft Visual Studio Solution File, Format Version 12.00
# Visual Studio 2013
VisualStudioVersion = 12.0.21005.1
MinimumVisualStudioVersion = 10.0.40219.1
Project("{FAE04EC0-301F-11D3-BF4B-00C04F79EFBC}") = "Model", "Model\Model.csproj", "{AB95AA88-07FE-42CA-B042-73DCE29D38A7}"
EndProject
Project("{FAE04EC0-301F-11D3-BF4B-00C04F79EFBC}") = "Repository", "Repository\Repository.csproj", "{F321B6FE-9887-479B-B25D-00FABFBBB2CE}"
EndProject
Project("{FAE04EC0-301F-11D3-BF4B-00C04F79EFBC}") = "UnitTestProject", "UnitTestProject\UnitTestProject.csproj", "{E13CD058-BCFC-4B20-B872-56B6050AF3DF}"
EndProject
Global
	GlobalSection(SolutionConfigurationPlatforms) = preSolution
		Debug|Any CPU = Debug|Any CPU
		Release|Any CPU = Release|Any CPU
	EndGlobalSection
	GlobalSection(ProjectConfigurationPlatforms) = postSolution
		{AB95AA88-07FE-42CA-B042-73DCE29D38A7}.Debug|Any CPU.ActiveCfg = Debug|Any CPU
		{AB95AA88-07FE-42CA-B042-73DCE29D38A7}.Debug|Any CPU.Build.0 = Debug|Any CPU
		{AB95AA88-07FE-42CA-B042-73DCE29D38A7}.Release|Any CPU.ActiveCfg = Release|Any CPU
		{AB95AA88-07FE-42CA-B042-73DCE29D38A7}.Release|Any CPU.Build.0 = Release|Any CPU
		{F321B6FE-9887-479B-B25D-00FABFBBB2CE}.Debug|Any CPU.ActiveCfg = Debug|Any CPU
		{F321B6FE-9887-479B-B25D-00FABFBBB2CE}.Debug|Any CPU.Build.0 = Debug|Any CPU
		{F321B6FE-9887-479B-B25D-00FABFBBB2CE}.Release|Any CPU.ActiveCfg = Release|Any CPU
		{F321B6FE-9887-479B-B25D-00FABFBBB2CE}.Release|Any CPU.Build.0 = Release|Any CPU
		{E13CD058-BCFC-4B20-B872-56B6050AF3DF}.Debug|Any CPU.ActiveCfg = Debug|Any CPU
		{E13CD058-BCFC-4B20-B872-56B6050AF3DF}.Debug|Any CPU.Build.0 = Debug|Any CPU
		{E13CD058-BCFC-4B20-B872-56B6050AF3DF}.Release|Any CPU.ActiveCfg = Release|Any CPU
		{E13CD058-BCFC-4B20-B872-56B6050AF3DF}.Release|Any CPU.Build.0 = Release|Any CPU
	EndGlobalSection
	GlobalSection(SolutionProperties) = preSolution
		HideSolutionNode = FALSE
	EndGlobalSection
EndGlobal
